
Microsoft Visual Studio Solution File, Format Version 12.00
# Visual Studio Version 16
VisualStudioVersion = 16.0.29326.143
MinimumVisualStudioVersion = 10.0.40219.1
Project("{FAE04EC0-301F-11D3-BF4B-00C04F79EFBC}") = "PostProcess", "PostProcess\PostProcess.csproj", "{7A5EB099-0FDC-4603-AA9B-6EF9E982E7D8}"
EndProject
Project("{FAE04EC0-301F-11D3-BF4B-00C04F79EFBC}") = "DiabasePrintingWizard", "DiabasePrintingWizard\DiabasePrintingWizard.csproj", "{6D844BBF-0318-4BB3-A3D6-5E3B08A725E0}"
EndProject
Project("{FAE04EC0-301F-11D3-BF4B-00C04F79EFBC}") = "DiabaseScanWizard", "DiabaseScanWizard\DiabaseScanWizard.csproj", "{24745D69-66C5-4F38-8BA8-F0AD7025A72A}"
EndProject
Project("{54435603-DBB4-11D2-8724-00A0C9A8B90C}") = "Setup", "Setup\Setup.vdproj", "{4E12ECF0-66DA-4A3F-A151-B6130E06DD37}"
EndProject
Global
	GlobalSection(SolutionConfigurationPlatforms) = preSolution
		Debug|Any CPU = Debug|Any CPU
		Release|Any CPU = Release|Any CPU
	EndGlobalSection
	GlobalSection(ProjectConfigurationPlatforms) = postSolution
		{7A5EB099-0FDC-4603-AA9B-6EF9E982E7D8}.Debug|Any CPU.ActiveCfg = Debug|Any CPU
		{7A5EB099-0FDC-4603-AA9B-6EF9E982E7D8}.Debug|Any CPU.Build.0 = Debug|Any CPU
		{7A5EB099-0FDC-4603-AA9B-6EF9E982E7D8}.Release|Any CPU.ActiveCfg = Release|Any CPU
		{7A5EB099-0FDC-4603-AA9B-6EF9E982E7D8}.Release|Any CPU.Build.0 = Release|Any CPU
		{6D844BBF-0318-4BB3-A3D6-5E3B08A725E0}.Debug|Any CPU.ActiveCfg = Debug|Any CPU
		{6D844BBF-0318-4BB3-A3D6-5E3B08A725E0}.Debug|Any CPU.Build.0 = Debug|Any CPU
		{6D844BBF-0318-4BB3-A3D6-5E3B08A725E0}.Release|Any CPU.ActiveCfg = Release|Any CPU
		{6D844BBF-0318-4BB3-A3D6-5E3B08A725E0}.Release|Any CPU.Build.0 = Release|Any CPU
		{24745D69-66C5-4F38-8BA8-F0AD7025A72A}.Debug|Any CPU.ActiveCfg = Debug|Any CPU
		{24745D69-66C5-4F38-8BA8-F0AD7025A72A}.Debug|Any CPU.Build.0 = Debug|Any CPU
		{24745D69-66C5-4F38-8BA8-F0AD7025A72A}.Release|Any CPU.ActiveCfg = Release|Any CPU
		{24745D69-66C5-4F38-8BA8-F0AD7025A72A}.Release|Any CPU.Build.0 = Release|Any CPU
		{4E12ECF0-66DA-4A3F-A151-B6130E06DD37}.Debug|Any CPU.ActiveCfg = Debug
		{4E12ECF0-66DA-4A3F-A151-B6130E06DD37}.Release|Any CPU.ActiveCfg = Release
		{4E12ECF0-66DA-4A3F-A151-B6130E06DD37}.Release|Any CPU.Build.0 = Release
	EndGlobalSection
	GlobalSection(SolutionProperties) = preSolution
		HideSolutionNode = FALSE
	EndGlobalSection
	GlobalSection(ExtensibilityGlobals) = postSolution
		SolutionGuid = {6784FF52-CA56-4DB6-A995-88011FE69197}
	EndGlobalSection
EndGlobal
