
Microsoft Visual Studio Solution File, Format Version 12.00
# Visual Studio 15
VisualStudioVersion = 15.0.27703.2042
MinimumVisualStudioVersion = 10.0.40219.1
Project("{FAE04EC0-301F-11D3-BF4B-00C04F79EFBC}") = "PostProcess", "PostProcess\PostProcess.csproj", "{7A5EB099-0FDC-4603-AA9B-6EF9E982E7D8}"
EndProject
Project("{FAE04EC0-301F-11D3-BF4B-00C04F79EFBC}") = "DiabasePrintingWizard", "DiabasePrintingWizard\DiabasePrintingWizard.csproj", "{6D844BBF-0318-4BB3-A3D6-5E3B08A725E0}"
EndProject
Project("{FAE04EC0-301F-11D3-BF4B-00C04F79EFBC}") = "DiabaseScanWizard", "DiabaseScanWizard\DiabaseScanWizard.csproj", "{24745D69-66C5-4F38-8BA8-F0AD7025A72A}"
EndProject
Global
	GlobalSection(SolutionConfigurationPlatforms) = preSolution
		Debug|Any CPU = Debug|Any CPU
		Release|Any CPU = Release|Any CPU
	EndGlobalSection
	GlobalSection(ProjectConfigurationPlatforms) = postSolution
		{7A5EB099-0FDC-4603-AA9B-6EF9E982E7D8}.Debug|Any CPU.ActiveCfg = Debug|Any CPU
		{7A5EB099-0FDC-4603-AA9B-6EF9E982E7D8}.Debug|Any CPU.Build.0 = Debug|Any CPU
		{7A5EB099-0FDC-4603-AA9B-6EF9E982E7D8}.Release|Any CPU.ActiveCfg = Release|Any CPU
		{7A5EB099-0FDC-4603-AA9B-6EF9E982E7D8}.Release|Any CPU.Build.0 = Release|Any CPU
		{6D844BBF-0318-4BB3-A3D6-5E3B08A725E0}.Debug|Any CPU.ActiveCfg = Debug|Any CPU
		{6D844BBF-0318-4BB3-A3D6-5E3B08A725E0}.Debug|Any CPU.Build.0 = Debug|Any CPU
		{6D844BBF-0318-4BB3-A3D6-5E3B08A725E0}.Release|Any CPU.ActiveCfg = Release|Any CPU
		{6D844BBF-0318-4BB3-A3D6-5E3B08A725E0}.Release|Any CPU.Build.0 = Release|Any CPU
		{24745D69-66C5-4F38-8BA8-F0AD7025A72A}.Debug|Any CPU.ActiveCfg = Debug|Any CPU
		{24745D69-66C5-4F38-8BA8-F0AD7025A72A}.Debug|Any CPU.Build.0 = Debug|Any CPU
		{24745D69-66C5-4F38-8BA8-F0AD7025A72A}.Release|Any CPU.ActiveCfg = Release|Any CPU
		{24745D69-66C5-4F38-8BA8-F0AD7025A72A}.Release|Any CPU.Build.0 = Release|Any CPU
	EndGlobalSection
	GlobalSection(SolutionProperties) = preSolution
		HideSolutionNode = FALSE
	EndGlobalSection
	GlobalSection(ExtensibilityGlobals) = postSolution
		SolutionGuid = {6784FF52-CA56-4DB6-A995-88011FE69197}
	EndGlobalSection
EndGlobal
